
Microsoft Visual Studio Solution File, Format Version 12.00
# Visual Studio Version 17
VisualStudioVersion = 17.8.34330.188
MinimumVisualStudioVersion = 10.0.40219.1
Project("{9A19103F-16F7-4668-BE54-9A1E7A4F7556}") = "WpfApp1", "WpfApp1\WpfApp1.csproj", "{D44F1659-6D02-4048-8F51-105F8AB8CE4E}"
EndProject
Global
	GlobalSection(SolutionConfigurationPlatforms) = preSolution
		Debug|Any CPU = Debug|Any CPU
		Release|Any CPU = Release|Any CPU
	EndGlobalSection
	GlobalSection(ProjectConfigurationPlatforms) = postSolution
		{D44F1659-6D02-4048-8F51-105F8AB8CE4E}.Debug|Any CPU.ActiveCfg = Release|Any CPU
		{D44F1659-6D02-4048-8F51-105F8AB8CE4E}.Debug|Any CPU.Build.0 = Release|Any CPU
		{D44F1659-6D02-4048-8F51-105F8AB8CE4E}.Release|Any CPU.ActiveCfg = Debug|Any CPU
		{D44F1659-6D02-4048-8F51-105F8AB8CE4E}.Release|Any CPU.Build.0 = Debug|Any CPU
	EndGlobalSection
	GlobalSection(SolutionProperties) = preSolution
		HideSolutionNode = FALSE
	EndGlobalSection
	GlobalSection(ExtensibilityGlobals) = postSolution
		SolutionGuid = {90F4DDF6-637D-4818-8D19-1D81909A319A}
	EndGlobalSection
EndGlobal
